Microsoft Visual Studio Solution File, Format Version 12.00
# Visual Studio Version 17
VisualStudioVersion = 17.5.2.0
MinimumVisualStudioVersion = 10.0.40219.1
Project("{FAE04EC0-301F-11D3-BF4B-00C04F79EFBC}") = "PC-Winkel", "PC-Winkel.csproj", "{8B80631A-625A-93A9-5233-490CCD1D58D4}"
EndProject
Global
	GlobalSection(SolutionConfigurationPlatforms) = preSolution
		Debug|Any CPU = Debug|Any CPU
		Release|Any CPU = Release|Any CPU
	EndGlobalSection
	GlobalSection(ProjectConfigurationPlatforms) = postSolution
		{8B80631A-625A-93A9-5233-490CCD1D58D4}.Debug|Any CPU.ActiveCfg = Debug|Any CPU
		{8B80631A-625A-93A9-5233-490CCD1D58D4}.Debug|Any CPU.Build.0 = Debug|Any CPU
		{8B80631A-625A-93A9-5233-490CCD1D58D4}.Release|Any CPU.ActiveCfg = Release|Any CPU
		{8B80631A-625A-93A9-5233-490CCD1D58D4}.Release|Any CPU.Build.0 = Release|Any CPU
	EndGlobalSection
	GlobalSection(SolutionProperties) = preSolution
		HideSolutionNode = FALSE
	EndGlobalSection
	GlobalSection(ExtensibilityGlobals) = postSolution
		SolutionGuid = {44FFE92F-6B11-4ED1-A746-3E92F917D7F3}
	EndGlobalSection
EndGlobal
